
Microsoft Visual Studio Solution File, Format Version 12.00
# Visual Studio Version 16
VisualStudioVersion = 16.0.29324.140
MinimumVisualStudioVersion = 10.0.40219.1
Project("{9A19103F-16F7-4668-BE54-9A1E7A4F7556}") = "TurboPotato.DesignPatterns.Adapter", "TurboPotato.DesignPatterns.Adapter\TurboPotato.DesignPatterns.Adapter.csproj", "{DA351660-2321-40BA-8618-C59796AF8353}"
EndProject
Project("{9A19103F-16F7-4668-BE54-9A1E7A4F7556}") = "TurboPotato.DesignPatterns.Strategy", "TurboPotato.DesignPatterns.Strategy\TurboPotato.DesignPatterns.Strategy.csproj", "{D85F0CD6-9045-4BBF-A100-E3F5C5F59A56}"
EndProject
Project("{9A19103F-16F7-4668-BE54-9A1E7A4F7556}") = "TurboPotato.DesignPatterns.ChainOfResponsibility", "TurboPotato.DesignPatterns.ChainOfResponsibility\TurboPotato.DesignPatterns.ChainOfResponsibility.csproj", "{71968CE8-1B99-4F37-9712-7DB3B6BDFD09}"
EndProject
Project("{9A19103F-16F7-4668-BE54-9A1E7A4F7556}") = "TurboPotato.AntiPatterns.CircleEllipseProblem", "TurboPotato.AntiPatterns.CircleEllipseProblem\TurboPotato.AntiPatterns.CircleEllipseProblem.csproj", "{0D4FFE2F-C88E-4193-A01F-117F2AC2C864}"
EndProject
Project("{9A19103F-16F7-4668-BE54-9A1E7A4F7556}") = "TurboPotato.AntiPatterns.GodObject", "TurboPotato.AntiPatterns.GodObject\TurboPotato.AntiPatterns.GodObject.csproj", "{CD475145-27AA-4CF5-8DAC-D734426900BD}"
EndProject
Project("{9A19103F-16F7-4668-BE54-9A1E7A4F7556}") = "TurboPotato.AntiPatterns.ObjectOrgy", "TurboPotato.AntiPatterns.ObjectOrgy\TurboPotato.AntiPatterns.ObjectOrgy.csproj", "{E55D6BB6-7131-40ED-8DEF-9216724F23D1}"
EndProject
Project("{9A19103F-16F7-4668-BE54-9A1E7A4F7556}") = "TurboPotato.AntiPatterns.Poltergeist", "TurboPotato.AntiPatterns.Poltergeist\TurboPotato.AntiPatterns.Poltergeist.csproj", "{B253E9DB-C7FB-4BBA-893C-6340D6AFEC45}"
EndProject
Project("{9A19103F-16F7-4668-BE54-9A1E7A4F7556}") = "TurboPotato.AntiPatterns.ErrorHiding", "TurboPotato.AntiPatterns.ErrorHiding\TurboPotato.AntiPatterns.ErrorHiding.csproj", "{BC54AF9C-BDBE-48FD-9E59-D96B9FD61E9E}"
EndProject
Project("{FAE04EC0-301F-11D3-BF4B-00C04F79EFBC}") = "TurboPotato.DesignPatterns.State", "TurboPotato.DesignPatterns.State\TurboPotato.DesignPatterns.State.csproj", "{10C2F50A-B280-4B9C-83D9-2AEF90B61FD0}"
EndProject
Project("{FAE04EC0-301F-11D3-BF4B-00C04F79EFBC}") = "TurboPotato.DesignPatterns.Observer", "TurboPotato.DesignPatterns.Observer\TurboPotato.DesignPatterns.Observer.csproj", "{F65C2842-9553-4C9C-9D93-53D1046E96FC}"
EndProject
Global
	GlobalSection(SolutionConfigurationPlatforms) = preSolution
		Debug|Any CPU = Debug|Any CPU
		Release|Any CPU = Release|Any CPU
	EndGlobalSection
	GlobalSection(ProjectConfigurationPlatforms) = postSolution
		{DA351660-2321-40BA-8618-C59796AF8353}.Debug|Any CPU.ActiveCfg = Debug|Any CPU
		{DA351660-2321-40BA-8618-C59796AF8353}.Debug|Any CPU.Build.0 = Debug|Any CPU
		{DA351660-2321-40BA-8618-C59796AF8353}.Release|Any CPU.ActiveCfg = Release|Any CPU
		{DA351660-2321-40BA-8618-C59796AF8353}.Release|Any CPU.Build.0 = Release|Any CPU
		{D85F0CD6-9045-4BBF-A100-E3F5C5F59A56}.Debug|Any CPU.ActiveCfg = Debug|Any CPU
		{D85F0CD6-9045-4BBF-A100-E3F5C5F59A56}.Debug|Any CPU.Build.0 = Debug|Any CPU
		{D85F0CD6-9045-4BBF-A100-E3F5C5F59A56}.Release|Any CPU.ActiveCfg = Release|Any CPU
		{D85F0CD6-9045-4BBF-A100-E3F5C5F59A56}.Release|Any CPU.Build.0 = Release|Any CPU
		{71968CE8-1B99-4F37-9712-7DB3B6BDFD09}.Debug|Any CPU.ActiveCfg = Debug|Any CPU
		{71968CE8-1B99-4F37-9712-7DB3B6BDFD09}.Debug|Any CPU.Build.0 = Debug|Any CPU
		{71968CE8-1B99-4F37-9712-7DB3B6BDFD09}.Release|Any CPU.ActiveCfg = Release|Any CPU
		{71968CE8-1B99-4F37-9712-7DB3B6BDFD09}.Release|Any CPU.Build.0 = Release|Any CPU
		{0D4FFE2F-C88E-4193-A01F-117F2AC2C864}.Debug|Any CPU.ActiveCfg = Debug|Any CPU
		{0D4FFE2F-C88E-4193-A01F-117F2AC2C864}.Debug|Any CPU.Build.0 = Debug|Any CPU
		{0D4FFE2F-C88E-4193-A01F-117F2AC2C864}.Release|Any CPU.ActiveCfg = Release|Any CPU
		{0D4FFE2F-C88E-4193-A01F-117F2AC2C864}.Release|Any CPU.Build.0 = Release|Any CPU
		{CD475145-27AA-4CF5-8DAC-D734426900BD}.Debug|Any CPU.ActiveCfg = Debug|Any CPU
		{CD475145-27AA-4CF5-8DAC-D734426900BD}.Debug|Any CPU.Build.0 = Debug|Any CPU
		{CD475145-27AA-4CF5-8DAC-D734426900BD}.Release|Any CPU.ActiveCfg = Release|Any CPU
		{CD475145-27AA-4CF5-8DAC-D734426900BD}.Release|Any CPU.Build.0 = Release|Any CPU
		{E55D6BB6-7131-40ED-8DEF-9216724F23D1}.Debug|Any CPU.ActiveCfg = Debug|Any CPU
		{E55D6BB6-7131-40ED-8DEF-9216724F23D1}.Debug|Any CPU.Build.0 = Debug|Any CPU
		{E55D6BB6-7131-40ED-8DEF-9216724F23D1}.Release|Any CPU.ActiveCfg = Release|Any CPU
		{E55D6BB6-7131-40ED-8DEF-9216724F23D1}.Release|Any CPU.Build.0 = Release|Any CPU
		{B253E9DB-C7FB-4BBA-893C-6340D6AFEC45}.Debug|Any CPU.ActiveCfg = Debug|Any CPU
		{B253E9DB-C7FB-4BBA-893C-6340D6AFEC45}.Debug|Any CPU.Build.0 = Debug|Any CPU
		{B253E9DB-C7FB-4BBA-893C-6340D6AFEC45}.Release|Any CPU.ActiveCfg = Release|Any CPU
		{B253E9DB-C7FB-4BBA-893C-6340D6AFEC45}.Release|Any CPU.Build.0 = Release|Any CPU
		{BC54AF9C-BDBE-48FD-9E59-D96B9FD61E9E}.Debug|Any CPU.ActiveCfg = Debug|Any CPU
		{BC54AF9C-BDBE-48FD-9E59-D96B9FD61E9E}.Debug|Any CPU.Build.0 = Debug|Any CPU
		{BC54AF9C-BDBE-48FD-9E59-D96B9FD61E9E}.Release|Any CPU.ActiveCfg = Release|Any CPU
		{BC54AF9C-BDBE-48FD-9E59-D96B9FD61E9E}.Release|Any CPU.Build.0 = Release|Any CPU
		{10C2F50A-B280-4B9C-83D9-2AEF90B61FD0}.Debug|Any CPU.ActiveCfg = Debug|Any CPU
		{10C2F50A-B280-4B9C-83D9-2AEF90B61FD0}.Debug|Any CPU.Build.0 = Debug|Any CPU
		{10C2F50A-B280-4B9C-83D9-2AEF90B61FD0}.Release|Any CPU.ActiveCfg = Release|Any CPU
		{10C2F50A-B280-4B9C-83D9-2AEF90B61FD0}.Release|Any CPU.Build.0 = Release|Any CPU
		{F65C2842-9553-4C9C-9D93-53D1046E96FC}.Debug|Any CPU.ActiveCfg = Debug|Any CPU
		{F65C2842-9553-4C9C-9D93-53D1046E96FC}.Debug|Any CPU.Build.0 = Debug|Any CPU
		{F65C2842-9553-4C9C-9D93-53D1046E96FC}.Release|Any CPU.ActiveCfg = Release|Any CPU
		{F65C2842-9553-4C9C-9D93-53D1046E96FC}.Release|Any CPU.Build.0 = Release|Any CPU
	EndGlobalSection
	GlobalSection(SolutionProperties) = preSolution
		HideSolutionNode = FALSE
	EndGlobalSection
	GlobalSection(ExtensibilityGlobals) = postSolution
		SolutionGuid = {1B569978-03CC-4854-9917-497AB48084A1}
	EndGlobalSection
EndGlobal
